
Microsoft Visual Studio Solution File, Format Version 12.00
# Visual Studio Version 17
VisualStudioVersion = 17.0.31903.59
MinimumVisualStudioVersion = 10.0.40219.1
Project("{FAE04EC0-301F-11D3-BF4B-00C04F79EFBC}") = "API", "API\API.csproj", "{DEA2260A-89ED-4B06-9ACC-D07221C0DF30}"
EndProject
Project("{FAE04EC0-301F-11D3-BF4B-00C04F79EFBC}") = "Core", "Core\Core.csproj", "{17A4717A-C3C3-4953-9E0E-B0454694997C}"
EndProject
Project("{FAE04EC0-301F-11D3-BF4B-00C04F79EFBC}") = "Infrastructure", "Infrastructure\Infrastructure.csproj", "{8D291D82-D78D-4575-828A-9DD9E3FEA446}"
EndProject
Global
	GlobalSection(SolutionConfigurationPlatforms) = preSolution
		Debug|Any CPU = Debug|Any CPU
		Release|Any CPU = Release|Any CPU
	EndGlobalSection
	GlobalSection(SolutionProperties) = preSolution
		HideSolutionNode = FALSE
	EndGlobalSection
	GlobalSection(ProjectConfigurationPlatforms) = postSolution
		{DEA2260A-89ED-4B06-9ACC-D07221C0DF30}.Debug|Any CPU.ActiveCfg = Debug|Any CPU
		{DEA2260A-89ED-4B06-9ACC-D07221C0DF30}.Debug|Any CPU.Build.0 = Debug|Any CPU
		{DEA2260A-89ED-4B06-9ACC-D07221C0DF30}.Release|Any CPU.ActiveCfg = Release|Any CPU
		{DEA2260A-89ED-4B06-9ACC-D07221C0DF30}.Release|Any CPU.Build.0 = Release|Any CPU
		{17A4717A-C3C3-4953-9E0E-B0454694997C}.Debug|Any CPU.ActiveCfg = Debug|Any CPU
		{17A4717A-C3C3-4953-9E0E-B0454694997C}.Debug|Any CPU.Build.0 = Debug|Any CPU
		{17A4717A-C3C3-4953-9E0E-B0454694997C}.Release|Any CPU.ActiveCfg = Release|Any CPU
		{17A4717A-C3C3-4953-9E0E-B0454694997C}.Release|Any CPU.Build.0 = Release|Any CPU
		{8D291D82-D78D-4575-828A-9DD9E3FEA446}.Debug|Any CPU.ActiveCfg = Debug|Any CPU
		{8D291D82-D78D-4575-828A-9DD9E3FEA446}.Debug|Any CPU.Build.0 = Debug|Any CPU
		{8D291D82-D78D-4575-828A-9DD9E3FEA446}.Release|Any CPU.ActiveCfg = Release|Any CPU
		{8D291D82-D78D-4575-828A-9DD9E3FEA446}.Release|Any CPU.Build.0 = Release|Any CPU
	EndGlobalSection
EndGlobal
